
Microsoft Visual Studio Solution File, Format Version 12.00
# Visual Studio Version 17
VisualStudioVersion = 17.0.31521.260
MinimumVisualStudioVersion = 10.0.40219.1
Project("{FAE04EC0-301F-11D3-BF4B-00C04F79EFBC}") = "Data.Sql", "Data.Sql\Data.Sql.csproj", "{6A82A608-863D-4D84-B05C-10681850AB4C}"
EndProject
Global
	GlobalSection(SolutionConfigurationPlatforms) = preSolution
		Debug|Any CPU = Debug|Any CPU
		Release|Any CPU = Release|Any CPU
	EndGlobalSection
	GlobalSection(ProjectConfigurationPlatforms) = postSolution
		{6A82A608-863D-4D84-B05C-10681850AB4C}.Debug|Any CPU.ActiveCfg = Debug|Any CPU
		{6A82A608-863D-4D84-B05C-10681850AB4C}.Debug|Any CPU.Build.0 = Debug|Any CPU
		{6A82A608-863D-4D84-B05C-10681850AB4C}.Release|Any CPU.ActiveCfg = Release|Any CPU
		{6A82A608-863D-4D84-B05C-10681850AB4C}.Release|Any CPU.Build.0 = Release|Any CPU
	EndGlobalSection
	GlobalSection(SolutionProperties) = preSolution
		HideSolutionNode = FALSE
	EndGlobalSection
	GlobalSection(ExtensibilityGlobals) = postSolution
		SolutionGuid = {CA718D88-B86D-421B-A030-3292F71CD0B7}
	EndGlobalSection
EndGlobal
